
Microsoft Visual Studio Solution File, Format Version 12.00
# Visual Studio Version 16
VisualStudioVersion = 16.0.31624.102
MinimumVisualStudioVersion = 10.0.40219.1
Project("{FAE04EC0-301F-11D3-BF4B-00C04F79EFBC}") = "TODOArray", "TODOArray.csproj", "{9277F593-F98E-4ECF-9BBC-356A8170E754}"
EndProject
Global
	GlobalSection(SolutionConfigurationPlatforms) = preSolution
		Debug|Any CPU = Debug|Any CPU
		Release|Any CPU = Release|Any CPU
	EndGlobalSection
	GlobalSection(ProjectConfigurationPlatforms) = postSolution
		{9277F593-F98E-4ECF-9BBC-356A8170E754}.Debug|Any CPU.ActiveCfg = Debug|Any CPU
		{9277F593-F98E-4ECF-9BBC-356A8170E754}.Debug|Any CPU.Build.0 = Debug|Any CPU
		{9277F593-F98E-4ECF-9BBC-356A8170E754}.Release|Any CPU.ActiveCfg = Release|Any CPU
		{9277F593-F98E-4ECF-9BBC-356A8170E754}.Release|Any CPU.Build.0 = Release|Any CPU
	EndGlobalSection
	GlobalSection(SolutionProperties) = preSolution
		HideSolutionNode = FALSE
	EndGlobalSection
	GlobalSection(ExtensibilityGlobals) = postSolution
		SolutionGuid = {4925C9AF-5000-47A3-89A3-76E04B089772}
	EndGlobalSection
EndGlobal
